// !$*UTF8*$!
{
	archiveVersion = 1;
	classes = {
	};
	objectVersion = 71;
	objects = {

/* Begin PBXBuildFile section */
		4A34292E3058F31B00D11BC7 /* GoogleMobileAds in Frameworks */ = {isa = PBXBuildFile; productRef = 4A34292D3058F31B00D11BC7 /* GoogleMobileAds */; };
		A10000000000000000000030 /* TaiwanDronePilotAssistantApp.swift in Sources */ = {isa = PBXBuildFile; fileRef = A10000000000000000000007 /* TaiwanDronePilotAssistantApp.swift */; };
		A10000000000000000000031 /* ContentView.swift in Sources */ = {isa = PBXBuildFile; fileRef = A10000000000000000000008 /* ContentView.swift */; };
		A10000000000000000000032 /* LocationManager.swift in Sources */ = {isa = PBXBuildFile; fileRef = A1000000000000000000000C /* LocationManager.swift */; };
		A10000000000000000000033 /* AdBannerView.swift in Sources */ = {isa = PBXBuildFile; fileRef = A1000000000000000000000D /* AdBannerView.swift */; };
		A10000000000000000000034 /* WeatherService.swift in Sources */ = {isa = PBXBuildFile; fileRef = A1000000000000000000000F /* WeatherService.swift */; };
		A10000000000000000000036 /* NoFlyZones.json in Resources */ = {isa = PBXBuildFile; fileRef = A10000000000000000000015 /* NoFlyZones.json */; };
		A10000000000000000000037 /* Assets.xcassets in Resources */ = {isa = PBXBuildFile; fileRef = A10000000000000000000016 /* Assets.xcassets */; };
		A10000000000000000000038 /* RevenueCat in Frameworks */ = {isa = PBXBuildFile; productRef = A10000000000000000000039 /* RevenueCat */; };
/* End PBXBuildFile section */

/* Begin PBXFileReference section */
		A10000000000000000000006 /* TaiwanDronePilotAssistant.app */ = {isa = PBXFileReference; explicitFileType = wrapper.application; includeInIndex = 0; path = TaiwanDronePilotAssistant.app; sourceTree = BUILT_PRODUCTS_DIR; };
		A10000000000000000000007 /* TaiwanDronePilotAssistantApp.swift */ = {isa = PBXFileReference; lastKnownFileType = sourcecode.swift; path = TaiwanDronePilotAssistantApp.swift; sourceTree = "<group>"; };
		A10000000000000000000008 /* ContentView.swift */ = {isa = PBXFileReference; lastKnownFileType = sourcecode.swift; path = ContentView.swift; sourceTree = "<group>"; };
		A1000000000000000000000C /* LocationManager.swift */ = {isa = PBXFileReference; lastKnownFileType = sourcecode.swift; path = LocationManager.swift; sourceTree = "<group>"; };
		A1000000000000000000000D /* AdBannerView.swift */ = {isa = PBXFileReference; lastKnownFileType = sourcecode.swift; path = AdBannerView.swift; sourceTree = "<group>"; };
		A1000000000000000000000E /* Info.plist */ = {isa = PBXFileReference; lastKnownFileType = text.plist.xml; path = Info.plist; sourceTree = "<group>"; };
		A1000000000000000000000F /* WeatherService.swift */ = {isa = PBXFileReference; lastKnownFileType = sourcecode.swift; path = WeatherService.swift; sourceTree = "<group>"; };
		A10000000000000000000015 /* NoFlyZones.json */ = {isa = PBXFileReference; lastKnownFileType = text.json; path = NoFlyZones.json; sourceTree = "<group>"; };
		A10000000000000000000016 /* Assets.xcassets */ = {isa = PBXFileReference; lastKnownFileType = folder.assetcatalog; path = Assets.xcassets; sourceTree = "<group>"; };
		A10000000000000000000019 /* TaiwanDronePilotAssistant.storekit */ = {isa = PBXFileReference; lastKnownFileType = text; path = TaiwanDronePilotAssistant.storekit; sourceTree = "<group>"; };
/* End PBXFileReference section */

/* Begin PBXFrameworksBuildPhase section */
		A1000000000000000000000A /* Frameworks */ = {
			isa = PBXFrameworksBuildPhase;
			buildActionMask = 2147483647;
			files = (
				4A34292E3058F31B00D11BC7 /* GoogleMobileAds in Frameworks */,
				A10000000000000000000038 /* RevenueCat in Frameworks */,
			);
			runOnlyForDeploymentPostprocessing = 0;
		};
/* End PBXFrameworksBuildPhase section */

/* Begin PBXGroup section */
		A10000000000000000000002 = {
			isa = PBXGroup;
			children = (
				A10000000000000000000004 /* TaiwanDronePilotAssistant */,
				A10000000000000000000005 /* Frameworks */,
				A10000000000000000000003 /* Products */,
			);
			sourceTree = "<group>";
		};
		A10000000000000000000003 /* Products */ = {
			isa = PBXGroup;
			children = (
				A10000000000000000000006 /* TaiwanDronePilotAssistant.app */,
			);
			name = Products;
			sourceTree = "<group>";
		};
		A10000000000000000000004 /* TaiwanDronePilotAssistant */ = {
			isa = PBXGroup;
			children = (
				A10000000000000000000007 /* TaiwanDronePilotAssistantApp.swift */,
				A10000000000000000000008 /* ContentView.swift */,
				A1000000000000000000000C /* LocationManager.swift */,
				A1000000000000000000000D /* AdBannerView.swift */,
				A1000000000000000000000F /* WeatherService.swift */,
				A10000000000000000000015 /* NoFlyZones.json */,
				A1000000000000000000000E /* Info.plist */,
				A10000000000000000000016 /* Assets.xcassets */,
				A10000000000000000000018 /* StoreKit */,
			);
			name = TaiwanDronePilotAssistant;
			path = .;
			sourceTree = "<group>";
		};
		A10000000000000000000018 /* StoreKit */ = {
			isa = PBXGroup;
			children = (
				A10000000000000000000019 /* TaiwanDronePilotAssistant.storekit */,
			);
			path = StoreKit;
			sourceTree = "<group>";
		};
		A10000000000000000000005 /* Frameworks */ = {
			isa = PBXGroup;
			children = (
			);
			name = Frameworks;
			sourceTree = "<group>";
		};
/* End PBXGroup section */

/* Begin PBXNativeTarget section */
		A10000000000000000000020 /* TaiwanDronePilotAssistant */ = {
			isa = PBXNativeTarget;
			buildConfigurationList = A10000000000000000000021 /* Build configuration list for PBXNativeTarget "TaiwanDronePilotAssistant" */;
			buildPhases = (
				A1000000000000000000000A /* Frameworks */,
				A1000000000000000000000B /* Resources */,
				A10000000000000000000009 /* Sources */,
			);
			buildRules = (
			);
			dependencies = (
			);
			name = TaiwanDronePilotAssistant;
			packageProductDependencies = (
				4A34292D3058F31B00D11BC7 /* GoogleMobileAds */,
				A10000000000000000000039 /* RevenueCat */,
			);
			productName = TaiwanDronePilotAssistant;
			productReference = A10000000000000000000006 /* TaiwanDronePilotAssistant.app */;
			productType = "com.apple.product-type.application";
		};
/* End PBXNativeTarget section */

/* Begin PBXProject section */
		A10000000000000000000001 /* Project object */ = {
			isa = PBXProject;
			attributes = {
				LastSwiftUpdateCheck = 2700;
				TargetAttributes = {
					A10000000000000000000020 = {
						CreatedOnToolsVersion = 27.0;
					};
				};
			};
			buildConfigurationList = A10000000000000000000010 /* Build configuration list for PBXProject "TaiwanDronePilotAssistant" */;
			compatibilityVersion = "Xcode 16.0";
			developmentRegion = en;
			hasScannedForEncodings = 0;
			knownRegions = (
				en,
				Base,
			);
			mainGroup = A10000000000000000000002;
			packageReferences = (
				4A34292C3058F31B00D11BC7 /* XCRemoteSwiftPackageReference "swift-package-manager-google-mobile-ads" */,
				A10000000000000000000017 /* XCRemoteSwiftPackageReference "purchases-ios-spm" */,
			);
			productRefGroup = A10000000000000000000003 /* Products */;
			projectDirPath = "";
			projectRoot = "";
			targets = (
				A10000000000000000000020 /* TaiwanDronePilotAssistant */,
			);
		};
/* End PBXProject section */

/* Begin PBXResourcesBuildPhase section */
		A1000000000000000000000B /* Resources */ = {
			isa = PBXResourcesBuildPhase;
			buildActionMask = 2147483647;
			files = (
				A10000000000000000000036 /* NoFlyZones.json in Resources */,
				A10000000000000000000037 /* Assets.xcassets in Resources */,
			);
			runOnlyForDeploymentPostprocessing = 0;
		};
/* End PBXResourcesBuildPhase section */

/* Begin PBXSourcesBuildPhase section */
		A10000000000000000000009 /* Sources */ = {
			isa = PBXSourcesBuildPhase;
			buildActionMask = 2147483647;
			files = (
				A10000000000000000000030 /* TaiwanDronePilotAssistantApp.swift in Sources */,
				A10000000000000000000031 /* ContentView.swift in Sources */,
				A10000000000000000000032 /* LocationManager.swift in Sources */,
				A10000000000000000000033 /* AdBannerView.swift in Sources */,
				A10000000000000000000034 /* WeatherService.swift in Sources */,
			);
			runOnlyForDeploymentPostprocessing = 0;
		};
/* End PBXSourcesBuildPhase section */

/* Begin XCBuildConfiguration section */
		A10000000000000000000011 /* Debug */ = {
			isa = XCBuildConfiguration;
			buildSettings = {
				ALWAYS_SEARCH_USER_PATHS = NO;
				CLANG_ENABLE_MODULES = YES;
				SDKROOT = iphoneos;
				SWIFT_VERSION = 5.0;
			};
			name = Debug;
		};
		A10000000000000000000012 /* Release */ = {
			isa = XCBuildConfiguration;
			buildSettings = {
				ALWAYS_SEARCH_USER_PATHS = NO;
				CLANG_ENABLE_MODULES = YES;
				SDKROOT = iphoneos;
				SWIFT_VERSION = 5.0;
			};
			name = Release;
		};
		A10000000000000000000022 /* Debug */ = {
			isa = XCBuildConfiguration;
			buildSettings = {
				ASSETCATALOG_COMPILER_APPICON_NAME = AppIcon;
				CODE_SIGN_STYLE = Automatic;
				CURRENT_PROJECT_VERSION = 1;
				DEVELOPMENT_TEAM = 2RF44L5UDV;
				GENERATE_INFOPLIST_FILE = NO;
				INFOPLIST_FILE = Info.plist;
				INFOPLIST_KEY_CFBundleDisplayName = "Taiwan Drone Pilot Assistant";
				INFOPLIST_KEY_GADApplicationIdentifier = "ca-app-pub-8563333250584395~5797408070";
				INFOPLIST_KEY_LSApplicationCategoryType = "public.app-category.weather";
				INFOPLIST_KEY_NSLocationWhenInUseUsageDescription = "需要使用你目前的位置來查詢天氣與台灣空域圖資。";
				IPHONEOS_DEPLOYMENT_TARGET = 26.0;
				PRODUCT_BUNDLE_IDENTIFIER = com.taiwandronepilot.assistant;
				PRODUCT_NAME = "$(TARGET_NAME)";
				SUPPORTED_PLATFORMS = "iphoneos iphonesimulator";
				SUPPORTS_MACCATALYST = NO;
				SUPPORTS_MAC_DESIGNED_FOR_IPHONE_IPAD = NO;
				SUPPORTS_XR_DESIGNED_FOR_IPHONE_IPAD = NO;
				SWIFT_VERSION = 5.0;
				TARGETED_DEVICE_FAMILY = 1;
			};
			name = Debug;
		};
		A10000000000000000000023 /* Release */ = {
			isa = XCBuildConfiguration;
			buildSettings = {
				ASSETCATALOG_COMPILER_APPICON_NAME = AppIcon;
				CODE_SIGN_STYLE = Automatic;
				CURRENT_PROJECT_VERSION = 1;
				DEVELOPMENT_TEAM = 2RF44L5UDV;
				GENERATE_INFOPLIST_FILE = NO;
				INFOPLIST_FILE = Info.plist;
				INFOPLIST_KEY_CFBundleDisplayName = "Taiwan Drone Pilot Assistant";
				INFOPLIST_KEY_GADApplicationIdentifier = "ca-app-pub-8563333250584395~5797408070";
				INFOPLIST_KEY_LSApplicationCategoryType = "public.app-category.weather";
				INFOPLIST_KEY_NSLocationWhenInUseUsageDescription = "需要使用你目前的位置來查詢天氣與台灣空域圖資。";
				IPHONEOS_DEPLOYMENT_TARGET = 26.0;
				PRODUCT_BUNDLE_IDENTIFIER = com.taiwandronepilot.assistant;
				PRODUCT_NAME = "$(TARGET_NAME)";
				SUPPORTED_PLATFORMS = "iphoneos iphonesimulator";
				SUPPORTS_MACCATALYST = NO;
				SUPPORTS_MAC_DESIGNED_FOR_IPHONE_IPAD = NO;
				SUPPORTS_XR_DESIGNED_FOR_IPHONE_IPAD = NO;
				SWIFT_VERSION = 5.0;
				TARGETED_DEVICE_FAMILY = 1;
			};
			name = Release;
		};
/* End XCBuildConfiguration section */

/* Begin XCConfigurationList section */
		A10000000000000000000010 /* Build configuration list for PBXProject "TaiwanDronePilotAssistant" */ = {
			isa = XCConfigurationList;
			buildConfigurations = (
				A10000000000000000000011 /* Debug */,
				A10000000000000000000012 /* Release */,
			);
			defaultConfigurationIsVisible = 0;
			defaultConfigurationName = Release;
		};
		A10000000000000000000021 /* Build configuration list for PBXNativeTarget "TaiwanDronePilotAssistant" */ = {
			isa = XCConfigurationList;
			buildConfigurations = (
				A10000000000000000000022 /* Debug */,
				A10000000000000000000023 /* Release */,
			);
			defaultConfigurationIsVisible = 0;
			defaultConfigurationName = Release;
		};
/* End XCConfigurationList section */

/* Begin XCRemoteSwiftPackageReference section */
		4A34292C3058F31B00D11BC7 /* XCRemoteSwiftPackageReference "swift-package-manager-google-mobile-ads" */ = {
			isa = XCRemoteSwiftPackageReference;
			repositoryURL = "https://github.com/googleads/swift-package-manager-google-mobile-ads.git";
			requirement = {
				kind = upToNextMajorVersion;
				minimumVersion = 13.9.0;
			};
		};
		A10000000000000000000017 /* XCRemoteSwiftPackageReference "purchases-ios-spm" */ = {
			isa = XCRemoteSwiftPackageReference;
			repositoryURL = "https://github.com/RevenueCat/purchases-ios-spm.git";
			requirement = {
				kind = upToNextMajorVersion;
				minimumVersion = 5.0.0;
			};
		};
/* End XCRemoteSwiftPackageReference section */

/* Begin XCSwiftPackageProductDependency section */
		4A34292D3058F31B00D11BC7 /* GoogleMobileAds */ = {
			isa = XCSwiftPackageProductDependency;
			package = 4A34292C3058F31B00D11BC7 /* XCRemoteSwiftPackageReference "swift-package-manager-google-mobile-ads" */;
			productName = GoogleMobileAds;
		};
		A10000000000000000000039 /* RevenueCat */ = {
			isa = XCSwiftPackageProductDependency;
			package = A10000000000000000000017 /* XCRemoteSwiftPackageReference "purchases-ios-spm" */;
			productName = RevenueCat;
		};
/* End XCSwiftPackageProductDependency section */
	};
	rootObject = A10000000000000000000001 /* Project object */;
}
